
Microsoft Visual Studio Solution File, Format Version 12.00
# Visual Studio Version 17
VisualStudioVersion = 17.4.33110.190
MinimumVisualStudioVersion = 10.0.40219.1
Project("{9A19103F-16F7-4668-BE54-9A1E7A4F7556}") = "Arbeitsblatt 3", "Arbeitsblatt 3\Arbeitsblatt 3.csproj", "{156EE43F-0528-4040-AFCC-D8A159204A52}"
EndProject
Project("{9A19103F-16F7-4668-BE54-9A1E7A4F7556}") = "Arbeitsblatt 4", "Arbeitsblatt 4\Arbeitsblatt 4.csproj", "{DE42ACEA-023B-40E7-9D10-44F4C7A6C2E8}"
EndProject
Project("{9A19103F-16F7-4668-BE54-9A1E7A4F7556}") = "Arbeitsblatt 5", "Arbeitsblatt 5\Arbeitsblatt 5.csproj", "{7A8F8C81-E7AE-4A1E-AE5D-3F01199BAC99}"
EndProject
Project("{FAE04EC0-301F-11D3-BF4B-00C04F79EFBC}") = "Arbeitsblatt 6", "Arbeitsblatt 6\Arbeitsblatt 6.csproj", "{997C6164-0CC7-4A97-BACF-04F4E793DF3B}"
EndProject
Global
	GlobalSection(SolutionConfigurationPlatforms) = preSolution
		Debug|Any CPU = Debug|Any CPU
		Release|Any CPU = Release|Any CPU
	EndGlobalSection
	GlobalSection(ProjectConfigurationPlatforms) = postSolution
		{156EE43F-0528-4040-AFCC-D8A159204A52}.Debug|Any CPU.ActiveCfg = Debug|Any CPU
		{156EE43F-0528-4040-AFCC-D8A159204A52}.Debug|Any CPU.Build.0 = Debug|Any CPU
		{156EE43F-0528-4040-AFCC-D8A159204A52}.Release|Any CPU.ActiveCfg = Release|Any CPU
		{156EE43F-0528-4040-AFCC-D8A159204A52}.Release|Any CPU.Build.0 = Release|Any CPU
		{DE42ACEA-023B-40E7-9D10-44F4C7A6C2E8}.Debug|Any CPU.ActiveCfg = Debug|Any CPU
		{DE42ACEA-023B-40E7-9D10-44F4C7A6C2E8}.Debug|Any CPU.Build.0 = Debug|Any CPU
		{DE42ACEA-023B-40E7-9D10-44F4C7A6C2E8}.Release|Any CPU.ActiveCfg = Release|Any CPU
		{DE42ACEA-023B-40E7-9D10-44F4C7A6C2E8}.Release|Any CPU.Build.0 = Release|Any CPU
		{7A8F8C81-E7AE-4A1E-AE5D-3F01199BAC99}.Debug|Any CPU.ActiveCfg = Debug|Any CPU
		{7A8F8C81-E7AE-4A1E-AE5D-3F01199BAC99}.Debug|Any CPU.Build.0 = Debug|Any CPU
		{7A8F8C81-E7AE-4A1E-AE5D-3F01199BAC99}.Release|Any CPU.ActiveCfg = Release|Any CPU
		{7A8F8C81-E7AE-4A1E-AE5D-3F01199BAC99}.Release|Any CPU.Build.0 = Release|Any CPU
		{997C6164-0CC7-4A97-BACF-04F4E793DF3B}.Debug|Any CPU.ActiveCfg = Debug|Any CPU
		{997C6164-0CC7-4A97-BACF-04F4E793DF3B}.Debug|Any CPU.Build.0 = Debug|Any CPU
		{997C6164-0CC7-4A97-BACF-04F4E793DF3B}.Release|Any CPU.ActiveCfg = Release|Any CPU
		{997C6164-0CC7-4A97-BACF-04F4E793DF3B}.Release|Any CPU.Build.0 = Release|Any CPU
	EndGlobalSection
	GlobalSection(SolutionProperties) = preSolution
		HideSolutionNode = FALSE
	EndGlobalSection
	GlobalSection(ExtensibilityGlobals) = postSolution
		SolutionGuid = {58E2B46A-D2C0-4191-96B7-C11E56D8357B}
	EndGlobalSection
EndGlobal
